// !$*UTF8*$!
{
	archiveVersion = 1;
	classes = {
	};
	objectVersion = 56;
	objects = {

/* Begin PBXBuildFile section */
		C02385CB2927BB76007F9A79 /* XdrSubscriptApp.swift in Sources */ = {isa = PBXBuildFile; fileRef = C02385CA2927BB76007F9A79 /* XdrSubscriptApp.swift */; };
		C02385CF2927BB77007F9A79 /* Assets.xcassets in Resources */ = {isa = PBXBuildFile; fileRef = C02385CE2927BB77007F9A79 /* Assets.xcassets */; };
		C02385D22927BB77007F9A79 /* Preview Assets.xcassets in Resources */ = {isa = PBXBuildFile; fileRef = C02385D12927BB77007F9A79 /* Preview Assets.xcassets */; };
		C02385D92927BBED007F9A79 /* SplashView.swift in Sources */ = {isa = PBXBuildFile; fileRef = C02385D82927BBED007F9A79 /* SplashView.swift */; };
		C02385DB2927BE42007F9A79 /* MainTabView.swift in Sources */ = {isa = PBXBuildFile; fileRef = C02385DA2927BE42007F9A79 /* MainTabView.swift */; };
		C02385DE2927BE71007F9A79 /* Subscription.swift in Sources */ = {isa = PBXBuildFile; fileRef = C02385DD2927BE71007F9A79 /* Subscription.swift */; };
		C02385E02927BE81007F9A79 /* User.swift in Sources */ = {isa = PBXBuildFile; fileRef = C02385DF2927BE81007F9A79 /* User.swift */; };
		C02385E32927CD48007F9A79 /* SubscriptionDetailsView.swift in Sources */ = {isa = PBXBuildFile; fileRef = C02385E22927CD48007F9A79 /* SubscriptionDetailsView.swift */; };
		C02385E52927E2B4007F9A79 /* SubscriptionListView.swift in Sources */ = {isa = PBXBuildFile; fileRef = C02385E42927E2B4007F9A79 /* SubscriptionListView.swift */; };
		C02385E72927E346007F9A79 /* InfoView.swift in Sources */ = {isa = PBXBuildFile; fileRef = C02385E62927E346007F9A79 /* InfoView.swift */; };
		C02385E92927E424007F9A79 /* SettingsView.swift in Sources */ = {isa = PBXBuildFile; fileRef = C02385E82927E424007F9A79 /* SettingsView.swift */; };
		C02385EB2927EA53007F9A79 /* SubscriptionModel.swift in Sources */ = {isa = PBXBuildFile; fileRef = C02385EA2927EA53007F9A79 /* SubscriptionModel.swift */; };
		C02385ED2927FA69007F9A79 /* GoogleService-Info.plist in Resources */ = {isa = PBXBuildFile; fileRef = C02385EC2927FA68007F9A79 /* GoogleService-Info.plist */; };
		C02385EF2927FAA5007F9A79 /* AppDelegate.swift in Sources */ = {isa = PBXBuildFile; fileRef = C02385EE2927FAA5007F9A79 /* AppDelegate.swift */; };
		C02385F22927FC32007F9A79 /* FirebaseAuth in Frameworks */ = {isa = PBXBuildFile; productRef = C02385F12927FC32007F9A79 /* FirebaseAuth */; };
		C02385F42927FC32007F9A79 /* FirebaseDatabase in Frameworks */ = {isa = PBXBuildFile; productRef = C02385F32927FC32007F9A79 /* FirebaseDatabase */; };
		C02385F62927FC32007F9A79 /* FirebaseFirestore in Frameworks */ = {isa = PBXBuildFile; productRef = C02385F52927FC32007F9A79 /* FirebaseFirestore */; };
		C02385F82927FC32007F9A79 /* FirebaseFirestoreSwift in Frameworks */ = {isa = PBXBuildFile; productRef = C02385F72927FC32007F9A79 /* FirebaseFirestoreSwift */; };
		C02385FA2927FC32007F9A79 /* FirebaseStorage in Frameworks */ = {isa = PBXBuildFile; productRef = C02385F92927FC32007F9A79 /* FirebaseStorage */; };
		C02385FC29283FC1007F9A79 /* AuthView.swift in Sources */ = {isa = PBXBuildFile; fileRef = C02385FB29283FC1007F9A79 /* AuthView.swift */; };
		C0238600292841B7007F9A79 /* ColorExt.swift in Sources */ = {isa = PBXBuildFile; fileRef = C02385FF292841B7007F9A79 /* ColorExt.swift */; };
		C0238605292A58F9007F9A79 /* GoogleSignIn in Frameworks */ = {isa = PBXBuildFile; productRef = C0238604292A58F9007F9A79 /* GoogleSignIn */; };
		C0238607292A58F9007F9A79 /* GoogleSignInSwift in Frameworks */ = {isa = PBXBuildFile; productRef = C0238606292A58F9007F9A79 /* GoogleSignInSwift */; };
		C023860B292B031A007F9A79 /* NewSubscriptionView.swift in Sources */ = {isa = PBXBuildFile; fileRef = C023860A292B031A007F9A79 /* NewSubscriptionView.swift */; };
		C029147F292ED44400972886 /* AppState.swift in Sources */ = {isa = PBXBuildFile; fileRef = C029147E292ED44400972886 /* AppState.swift */; };
		C0291481292EE0CF00972886 /* GroupedByMonthSubscriptions.swift in Sources */ = {isa = PBXBuildFile; fileRef = C0291480292EE0CF00972886 /* GroupedByMonthSubscriptions.swift */; };
		C0291483292F695B00972886 /* CurrencyModel.swift in Sources */ = {isa = PBXBuildFile; fileRef = C0291482292F695B00972886 /* CurrencyModel.swift */; };
		C0291485292F84F700972886 /* SortedBy.swift in Sources */ = {isa = PBXBuildFile; fileRef = C0291484292F84F700972886 /* SortedBy.swift */; };
		C05B216D292E45650086C8FA /* SpinnerView.swift in Sources */ = {isa = PBXBuildFile; fileRef = C05B216C292E45650086C8FA /* SpinnerView.swift */; };
		C05B216F292E565D0086C8FA /* EmptyView.swift in Sources */ = {isa = PBXBuildFile; fileRef = C05B216E292E565D0086C8FA /* EmptyView.swift */; };
		C05B2171292E611C0086C8FA /* SuccessView.swift in Sources */ = {isa = PBXBuildFile; fileRef = C05B2170292E611C0086C8FA /* SuccessView.swift */; };
/* End PBXBuildFile section */

/* Begin PBXFileReference section */
		C02385C72927BB76007F9A79 /* XdrSubscript.app */ = {isa = PBXFileReference; explicitFileType = wrapper.application; includeInIndex = 0; path = XdrSubscript.app; sourceTree = BUILT_PRODUCTS_DIR; };
		C02385CA2927BB76007F9A79 /* XdrSubscriptApp.swift */ = {isa = PBXFileReference; lastKnownFileType = sourcecode.swift; path = XdrSubscriptApp.swift; sourceTree = "<group>"; };
		C02385CE2927BB77007F9A79 /* Assets.xcassets */ = {isa = PBXFileReference; lastKnownFileType = folder.assetcatalog; path = Assets.xcassets; sourceTree = "<group>"; };
		C02385D12927BB77007F9A79 /* Preview Assets.xcassets */ = {isa = PBXFileReference; lastKnownFileType = folder.assetcatalog; path = "Preview Assets.xcassets"; sourceTree = "<group>"; };
		C02385D82927BBED007F9A79 /* SplashView.swift */ = {isa = PBXFileReference; lastKnownFileType = sourcecode.swift; path = SplashView.swift; sourceTree = "<group>"; };
		C02385DA2927BE42007F9A79 /* MainTabView.swift */ = {isa = PBXFileReference; lastKnownFileType = sourcecode.swift; path = MainTabView.swift; sourceTree = "<group>"; };
		C02385DD2927BE71007F9A79 /* Subscription.swift */ = {isa = PBXFileReference; lastKnownFileType = sourcecode.swift; path = Subscription.swift; sourceTree = "<group>"; };
		C02385DF2927BE81007F9A79 /* User.swift */ = {isa = PBXFileReference; lastKnownFileType = sourcecode.swift; path = User.swift; sourceTree = "<group>"; };
		C02385E22927CD48007F9A79 /* SubscriptionDetailsView.swift */ = {isa = PBXFileReference; lastKnownFileType = sourcecode.swift; path = SubscriptionDetailsView.swift; sourceTree = "<group>"; };
		C02385E42927E2B4007F9A79 /* SubscriptionListView.swift */ = {isa = PBXFileReference; lastKnownFileType = sourcecode.swift; path = SubscriptionListView.swift; sourceTree = "<group>"; };
		C02385E62927E346007F9A79 /* InfoView.swift */ = {isa = PBXFileReference; lastKnownFileType = sourcecode.swift; path = InfoView.swift; sourceTree = "<group>"; };
		C02385E82927E424007F9A79 /* SettingsView.swift */ = {isa = PBXFileReference; lastKnownFileType = sourcecode.swift; path = SettingsView.swift; sourceTree = "<group>"; };
		C02385EA2927EA53007F9A79 /* SubscriptionModel.swift */ = {isa = PBXFileReference; lastKnownFileType = sourcecode.swift; path = SubscriptionModel.swift; sourceTree = "<group>"; };
		C02385EC2927FA68007F9A79 /* GoogleService-Info.plist */ = {isa = PBXFileReference; fileEncoding = 4; lastKnownFileType = text.plist.xml; path = "GoogleService-Info.plist"; sourceTree = "<group>"; };
		C02385EE2927FAA5007F9A79 /* AppDelegate.swift */ = {isa = PBXFileReference; lastKnownFileType = sourcecode.swift; path = AppDelegate.swift; sourceTree = "<group>"; };
		C02385FB29283FC1007F9A79 /* AuthView.swift */ = {isa = PBXFileReference; lastKnownFileType = sourcecode.swift; path = AuthView.swift; sourceTree = "<group>"; };
		C02385FF292841B7007F9A79 /* ColorExt.swift */ = {isa = PBXFileReference; lastKnownFileType = sourcecode.swift; path = ColorExt.swift; sourceTree = "<group>"; };
		C0238608292A6ABB007F9A79 /* Info.plist */ = {isa = PBXFileReference; lastKnownFileType = text.plist; path = Info.plist; sourceTree = "<group>"; };
		C0238609292AEC65007F9A79 /* XdrSubscript.entitlements */ = {isa = PBXFileReference; lastKnownFileType = text.plist.entitlements; path = XdrSubscript.entitlements; sourceTree = "<group>"; };
		C023860A292B031A007F9A79 /* NewSubscriptionView.swift */ = {isa = PBXFileReference; lastKnownFileType = sourcecode.swift; path = NewSubscriptionView.swift; sourceTree = "<group>"; };
		C029147E292ED44400972886 /* AppState.swift */ = {isa = PBXFileReference; lastKnownFileType = sourcecode.swift; path = AppState.swift; sourceTree = "<group>"; };
		C0291480292EE0CF00972886 /* GroupedByMonthSubscriptions.swift */ = {isa = PBXFileReference; lastKnownFileType = sourcecode.swift; path = GroupedByMonthSubscriptions.swift; sourceTree = "<group>"; };
		C0291482292F695B00972886 /* CurrencyModel.swift */ = {isa = PBXFileReference; lastKnownFileType = sourcecode.swift; path = CurrencyModel.swift; sourceTree = "<group>"; };
		C0291484292F84F700972886 /* SortedBy.swift */ = {isa = PBXFileReference; lastKnownFileType = sourcecode.swift; path = SortedBy.swift; sourceTree = "<group>"; };
		C05B216C292E45650086C8FA /* SpinnerView.swift */ = {isa = PBXFileReference; lastKnownFileType = sourcecode.swift; path = SpinnerView.swift; sourceTree = "<group>"; };
		C05B216E292E565D0086C8FA /* EmptyView.swift */ = {isa = PBXFileReference; lastKnownFileType = sourcecode.swift; path = EmptyView.swift; sourceTree = "<group>"; };
		C05B2170292E611C0086C8FA /* SuccessView.swift */ = {isa = PBXFileReference; lastKnownFileType = sourcecode.swift; path = SuccessView.swift; sourceTree = "<group>"; };
/* End PBXFileReference section */

/* Begin PBXFrameworksBuildPhase section */
		C02385C42927BB76007F9A79 /* Frameworks */ = {
			isa = PBXFrameworksBuildPhase;
			buildActionMask = 2147483647;
			files = (
				C02385F42927FC32007F9A79 /* FirebaseDatabase in Frameworks */,
				C02385F22927FC32007F9A79 /* FirebaseAuth in Frameworks */,
				C0238607292A58F9007F9A79 /* GoogleSignInSwift in Frameworks */,
				C02385F62927FC32007F9A79 /* FirebaseFirestore in Frameworks */,
				C02385FA2927FC32007F9A79 /* FirebaseStorage in Frameworks */,
				C02385F82927FC32007F9A79 /* FirebaseFirestoreSwift in Frameworks */,
				C0238605292A58F9007F9A79 /* GoogleSignIn in Frameworks */,
			);
			runOnlyForDeploymentPostprocessing = 0;
		};
/* End PBXFrameworksBuildPhase section */

/* Begin PBXGroup section */
		C02385BE2927BB76007F9A79 = {
			isa = PBXGroup;
			children = (
				C02385C92927BB76007F9A79 /* XdrSubscript */,
				C02385C82927BB76007F9A79 /* Products */,
			);
			sourceTree = "<group>";
		};
		C02385C82927BB76007F9A79 /* Products */ = {
			isa = PBXGroup;
			children = (
				C02385C72927BB76007F9A79 /* XdrSubscript.app */,
			);
			name = Products;
			sourceTree = "<group>";
		};
		C02385C92927BB76007F9A79 /* XdrSubscript */ = {
			isa = PBXGroup;
			children = (
				C0238609292AEC65007F9A79 /* XdrSubscript.entitlements */,
				C0238608292A6ABB007F9A79 /* Info.plist */,
				C02385FD29284192007F9A79 /* Extensions */,
				C02385E12927BE88007F9A79 /* Views */,
				C02385DC2927BE5E007F9A79 /* Models */,
				C02385CA2927BB76007F9A79 /* XdrSubscriptApp.swift */,
				C02385EC2927FA68007F9A79 /* GoogleService-Info.plist */,
				C02385CE2927BB77007F9A79 /* Assets.xcassets */,
				C02385D02927BB77007F9A79 /* Preview Content */,
				C02385EE2927FAA5007F9A79 /* AppDelegate.swift */,
			);
			path = XdrSubscript;
			sourceTree = "<group>";
		};
		C02385D02927BB77007F9A79 /* Preview Content */ = {
			isa = PBXGroup;
			children = (
				C02385D12927BB77007F9A79 /* Preview Assets.xcassets */,
			);
			path = "Preview Content";
			sourceTree = "<group>";
		};
		C02385DC2927BE5E007F9A79 /* Models */ = {
			isa = PBXGroup;
			children = (
				C02385DD2927BE71007F9A79 /* Subscription.swift */,
				C02385DF2927BE81007F9A79 /* User.swift */,
				C02385EA2927EA53007F9A79 /* SubscriptionModel.swift */,
				C029147E292ED44400972886 /* AppState.swift */,
				C0291480292EE0CF00972886 /* GroupedByMonthSubscriptions.swift */,
				C0291482292F695B00972886 /* CurrencyModel.swift */,
				C0291484292F84F700972886 /* SortedBy.swift */,
			);
			path = Models;
			sourceTree = "<group>";
		};
		C02385E12927BE88007F9A79 /* Views */ = {
			isa = PBXGroup;
			children = (
				C02385DA2927BE42007F9A79 /* MainTabView.swift */,
				C02385E42927E2B4007F9A79 /* SubscriptionListView.swift */,
				C02385E22927CD48007F9A79 /* SubscriptionDetailsView.swift */,
				C02385E62927E346007F9A79 /* InfoView.swift */,
				C02385E82927E424007F9A79 /* SettingsView.swift */,
				C02385FB29283FC1007F9A79 /* AuthView.swift */,
				C023860A292B031A007F9A79 /* NewSubscriptionView.swift */,
				C02385D82927BBED007F9A79 /* SplashView.swift */,
				C05B216C292E45650086C8FA /* SpinnerView.swift */,
				C05B216E292E565D0086C8FA /* EmptyView.swift */,
				C05B2170292E611C0086C8FA /* SuccessView.swift */,
			);
			path = Views;
			sourceTree = "<group>";
		};
		C02385FD29284192007F9A79 /* Extensions */ = {
			isa = PBXGroup;
			children = (
				C02385FF292841B7007F9A79 /* ColorExt.swift */,
			);
			path = Extensions;
			sourceTree = "<group>";
		};
/* End PBXGroup section */

/* Begin PBXNativeTarget section */
		C02385C62927BB76007F9A79 /* XdrSubscript */ = {
			isa = PBXNativeTarget;
			buildConfigurationList = C02385D52927BB77007F9A79 /* Build configuration list for PBXNativeTarget "XdrSubscript" */;
			buildPhases = (
				C02385C32927BB76007F9A79 /* Sources */,
				C02385C42927BB76007F9A79 /* Frameworks */,
				C02385C52927BB76007F9A79 /* Resources */,
			);
			buildRules = (
			);
			dependencies = (
			);
			name = XdrSubscript;
			packageProductDependencies = (
				C02385F12927FC32007F9A79 /* FirebaseAuth */,
				C02385F32927FC32007F9A79 /* FirebaseDatabase */,
				C02385F52927FC32007F9A79 /* FirebaseFirestore */,
				C02385F72927FC32007F9A79 /* FirebaseFirestoreSwift */,
				C02385F92927FC32007F9A79 /* FirebaseStorage */,
				C0238604292A58F9007F9A79 /* GoogleSignIn */,
				C0238606292A58F9007F9A79 /* GoogleSignInSwift */,
			);
			productName = XdrSubscript;
			productReference = C02385C72927BB76007F9A79 /* XdrSubscript.app */;
			productType = "com.apple.product-type.application";
		};
/* End PBXNativeTarget section */

/* Begin PBXProject section */
		C02385BF2927BB76007F9A79 /* Project object */ = {
			isa = PBXProject;
			attributes = {
				BuildIndependentTargetsInParallel = 1;
				LastSwiftUpdateCheck = 1410;
				LastUpgradeCheck = 1410;
				TargetAttributes = {
					C02385C62927BB76007F9A79 = {
						CreatedOnToolsVersion = 14.1;
					};
				};
			};
			buildConfigurationList = C02385C22927BB76007F9A79 /* Build configuration list for PBXProject "XdrSubscript" */;
			compatibilityVersion = "Xcode 14.0";
			developmentRegion = en;
			hasScannedForEncodings = 0;
			knownRegions = (
				en,
				Base,
			);
			mainGroup = C02385BE2927BB76007F9A79;
			packageReferences = (
				C02385F02927FC32007F9A79 /* XCRemoteSwiftPackageReference "firebase-ios-sdk" */,
				C0238603292A58F9007F9A79 /* XCRemoteSwiftPackageReference "GoogleSignIn-iOS" */,
			);
			productRefGroup = C02385C82927BB76007F9A79 /* Products */;
			projectDirPath = "";
			projectRoot = "";
			targets = (
				C02385C62927BB76007F9A79 /* XdrSubscript */,
			);
		};
/* End PBXProject section */

/* Begin PBXResourcesBuildPhase section */
		C02385C52927BB76007F9A79 /* Resources */ = {
			isa = PBXResourcesBuildPhase;
			buildActionMask = 2147483647;
			files = (
				C02385D22927BB77007F9A79 /* Preview Assets.xcassets in Resources */,
				C02385CF2927BB77007F9A79 /* Assets.xcassets in Resources */,
				C02385ED2927FA69007F9A79 /* GoogleService-Info.plist in Resources */,
			);
			runOnlyForDeploymentPostprocessing = 0;
		};
/* End PBXResourcesBuildPhase section */

/* Begin PBXSourcesBuildPhase section */
		C02385C32927BB76007F9A79 /* Sources */ = {
			isa = PBXSourcesBuildPhase;
			buildActionMask = 2147483647;
			files = (
				C02385EF2927FAA5007F9A79 /* AppDelegate.swift in Sources */,
				C0291485292F84F700972886 /* SortedBy.swift in Sources */,
				C05B216D292E45650086C8FA /* SpinnerView.swift in Sources */,
				C05B2171292E611C0086C8FA /* SuccessView.swift in Sources */,
				C029147F292ED44400972886 /* AppState.swift in Sources */,
				C02385EB2927EA53007F9A79 /* SubscriptionModel.swift in Sources */,
				C02385E72927E346007F9A79 /* InfoView.swift in Sources */,
				C05B216F292E565D0086C8FA /* EmptyView.swift in Sources */,
				C02385E52927E2B4007F9A79 /* SubscriptionListView.swift in Sources */,
				C02385CB2927BB76007F9A79 /* XdrSubscriptApp.swift in Sources */,
				C02385E92927E424007F9A79 /* SettingsView.swift in Sources */,
				C0291483292F695B00972886 /* CurrencyModel.swift in Sources */,
				C023860B292B031A007F9A79 /* NewSubscriptionView.swift in Sources */,
				C02385FC29283FC1007F9A79 /* AuthView.swift in Sources */,
				C02385D92927BBED007F9A79 /* SplashView.swift in Sources */,
				C02385E32927CD48007F9A79 /* SubscriptionDetailsView.swift in Sources */,
				C02385DE2927BE71007F9A79 /* Subscription.swift in Sources */,
				C0291481292EE0CF00972886 /* GroupedByMonthSubscriptions.swift in Sources */,
				C02385E02927BE81007F9A79 /* User.swift in Sources */,
				C02385DB2927BE42007F9A79 /* MainTabView.swift in Sources */,
				C0238600292841B7007F9A79 /* ColorExt.swift in Sources */,
			);
			runOnlyForDeploymentPostprocessing = 0;
		};
/* End PBXSourcesBuildPhase section */

/* Begin XCBuildConfiguration section */
		C02385D32927BB77007F9A79 /* Debug */ = {
			isa = XCBuildConfiguration;
			buildSettings = {
				ALWAYS_SEARCH_USER_PATHS = NO;
				CLANG_ANALYZER_NONNULL = YES;
				CLANG_ANALYZER_NUMBER_OBJECT_CONVERSION = YES_AGGRESSIVE;
				CLANG_CXX_LANGUAGE_STANDARD = "gnu++20";
				CLANG_ENABLE_MODULES = YES;
				CLANG_ENABLE_OBJC_ARC = YES;
				CLANG_ENABLE_OBJC_WEAK = YES;
				CLANG_WARN_BLOCK_CAPTURE_AUTORELEASING = YES;
				CLANG_WARN_BOOL_CONVERSION = YES;
				CLANG_WARN_COMMA = YES;
				CLANG_WARN_CONSTANT_CONVERSION = YES;
				CLANG_WARN_DEPRECATED_OBJC_IMPLEMENTATIONS = YES;
				CLANG_WARN_DIRECT_OBJC_ISA_USAGE = YES_ERROR;
				CLANG_WARN_DOCUMENTATION_COMMENTS = YES;
				CLANG_WARN_EMPTY_BODY = YES;
				CLANG_WARN_ENUM_CONVERSION = YES;
				CLANG_WARN_INFINITE_RECURSION = YES;
				CLANG_WARN_INT_CONVERSION = YES;
				CLANG_WARN_NON_LITERAL_NULL_CONVERSION = YES;
				CLANG_WARN_OBJC_IMPLICIT_RETAIN_SELF = YES;
				CLANG_WARN_OBJC_LITERAL_CONVERSION = YES;
				CLANG_WARN_OBJC_ROOT_CLASS = YES_ERROR;
				CLANG_WARN_QUOTED_INCLUDE_IN_FRAMEWORK_HEADER = YES;
				CLANG_WARN_RANGE_LOOP_ANALYSIS = YES;
				CLANG_WARN_STRICT_PROTOTYPES = YES;
				CLANG_WARN_SUSPICIOUS_MOVE = YES;
				CLANG_WARN_UNGUARDED_AVAILABILITY = YES_AGGRESSIVE;
				CLANG_WARN_UNREACHABLE_CODE = YES;
				CLANG_WARN__DUPLICATE_METHOD_MATCH = YES;
				COPY_PHASE_STRIP = NO;
				DEBUG_INFORMATION_FORMAT = dwarf;
				ENABLE_STRICT_OBJC_MSGSEND = YES;
				ENABLE_TESTABILITY = YES;
				GCC_C_LANGUAGE_STANDARD = gnu11;
				GCC_DYNAMIC_NO_PIC = NO;
				GCC_NO_COMMON_BLOCKS = YES;
				GCC_OPTIMIZATION_LEVEL = 0;
				GCC_PREPROCESSOR_DEFINITIONS = (
					"DEBUG=1",
					"$(inherited)",
				);
				GCC_WARN_64_TO_32_BIT_CONVERSION = YES;
				GCC_WARN_ABOUT_RETURN_TYPE = YES_ERROR;
				GCC_WARN_UNDECLARED_SELECTOR = YES;
				GCC_WARN_UNINITIALIZED_AUTOS = YES_AGGRESSIVE;
				GCC_WARN_UNUSED_FUNCTION = YES;
				GCC_WARN_UNUSED_VARIABLE = YES;
				IPHONEOS_DEPLOYMENT_TARGET = 16.1;
				MTL_ENABLE_DEBUG_INFO = INCLUDE_SOURCE;
				MTL_FAST_MATH = YES;
				ONLY_ACTIVE_ARCH = YES;
				SDKROOT = iphoneos;
				SWIFT_ACTIVE_COMPILATION_CONDITIONS = DEBUG;
				SWIFT_OPTIMIZATION_LEVEL = "-Onone";
			};
			name = Debug;
		};
		C02385D42927BB77007F9A79 /* Release */ = {
			isa = XCBuildConfiguration;
			buildSettings = {
				ALWAYS_SEARCH_USER_PATHS = NO;
				CLANG_ANALYZER_NONNULL = YES;
				CLANG_ANALYZER_NUMBER_OBJECT_CONVERSION = YES_AGGRESSIVE;
				CLANG_CXX_LANGUAGE_STANDARD = "gnu++20";
				CLANG_ENABLE_MODULES = YES;
				CLANG_ENABLE_OBJC_ARC = YES;
				CLANG_ENABLE_OBJC_WEAK = YES;
				CLANG_WARN_BLOCK_CAPTURE_AUTORELEASING = YES;
				CLANG_WARN_BOOL_CONVERSION = YES;
				CLANG_WARN_COMMA = YES;
				CLANG_WARN_CONSTANT_CONVERSION = YES;
				CLANG_WARN_DEPRECATED_OBJC_IMPLEMENTATIONS = YES;
				CLANG_WARN_DIRECT_OBJC_ISA_USAGE = YES_ERROR;
				CLANG_WARN_DOCUMENTATION_COMMENTS = YES;
				CLANG_WARN_EMPTY_BODY = YES;
				CLANG_WARN_ENUM_CONVERSION = YES;
				CLANG_WARN_INFINITE_RECURSION = YES;
				CLANG_WARN_INT_CONVERSION = YES;
				CLANG_WARN_NON_LITERAL_NULL_CONVERSION = YES;
				CLANG_WARN_OBJC_IMPLICIT_RETAIN_SELF = YES;
				CLANG_WARN_OBJC_LITERAL_CONVERSION = YES;
				CLANG_WARN_OBJC_ROOT_CLASS = YES_ERROR;
				CLANG_WARN_QUOTED_INCLUDE_IN_FRAMEWORK_HEADER = YES;
				CLANG_WARN_RANGE_LOOP_ANALYSIS = YES;
				CLANG_WARN_STRICT_PROTOTYPES = YES;
				CLANG_WARN_SUSPICIOUS_MOVE = YES;
				CLANG_WARN_UNGUARDED_AVAILABILITY = YES_AGGRESSIVE;
				CLANG_WARN_UNREACHABLE_CODE = YES;
				CLANG_WARN__DUPLICATE_METHOD_MATCH = YES;
				COPY_PHASE_STRIP = NO;
				DEBUG_INFORMATION_FORMAT = "dwarf-with-dsym";
				ENABLE_NS_ASSERTIONS = NO;
				ENABLE_STRICT_OBJC_MSGSEND = YES;
				GCC_C_LANGUAGE_STANDARD = gnu11;
				GCC_NO_COMMON_BLOCKS = YES;
				GCC_WARN_64_TO_32_BIT_CONVERSION = YES;
				GCC_WARN_ABOUT_RETURN_TYPE = YES_ERROR;
				GCC_WARN_UNDECLARED_SELECTOR = YES;
				GCC_WARN_UNINITIALIZED_AUTOS = YES_AGGRESSIVE;
				GCC_WARN_UNUSED_FUNCTION = YES;
				GCC_WARN_UNUSED_VARIABLE = YES;
				IPHONEOS_DEPLOYMENT_TARGET = 16.1;
				MTL_ENABLE_DEBUG_INFO = NO;
				MTL_FAST_MATH = YES;
				SDKROOT = iphoneos;
				SWIFT_COMPILATION_MODE = wholemodule;
				SWIFT_OPTIMIZATION_LEVEL = "-O";
				VALIDATE_PRODUCT = YES;
			};
			name = Release;
		};
		C02385D62927BB77007F9A79 /* Debug */ = {
			isa = XCBuildConfiguration;
			buildSettings = {
				ASSETCATALOG_COMPILER_APPICON_NAME = AppIcon;
				ASSETCATALOG_COMPILER_GLOBAL_ACCENT_COLOR_NAME = AccentColor;
				CODE_SIGN_ENTITLEMENTS = XdrSubscript/XdrSubscript.entitlements;
				CODE_SIGN_STYLE = Automatic;
				CURRENT_PROJECT_VERSION = 1;
				DEVELOPMENT_ASSET_PATHS = "\"XdrSubscript/Preview Content\"";
				DEVELOPMENT_TEAM = NAKVM6YWDQ;
				ENABLE_PREVIEWS = YES;
				GENERATE_INFOPLIST_FILE = YES;
				INFOPLIST_FILE = XdrSubscript/Info.plist;
				INFOPLIST_KEY_UIApplicationSceneManifest_Generation = YES;
				INFOPLIST_KEY_UIApplicationSupportsIndirectInputEvents = YES;
				INFOPLIST_KEY_UILaunchScreen_Generation = YES;
				INFOPLIST_KEY_UISupportedInterfaceOrientations_iPad = "UIInterfaceOrientationPortrait UIInterfaceOrientationPortraitUpsideDown UIInterfaceOrientationLandscapeLeft UIInterfaceOrientationLandscapeRight";
				INFOPLIST_KEY_UISupportedInterfaceOrientations_iPhone = "UIInterfaceOrientationPortrait UIInterfaceOrientationLandscapeLeft UIInterfaceOrientationLandscapeRight";
				LD_RUNPATH_SEARCH_PATHS = (
					"$(inherited)",
					"@executable_path/Frameworks",
				);
				MARKETING_VERSION = 1.0;
				PRODUCT_BUNDLE_IDENTIFIER = xdrdev.XdrSubscript;
				PRODUCT_NAME = "$(TARGET_NAME)";
				SWIFT_EMIT_LOC_STRINGS = YES;
				SWIFT_VERSION = 5.0;
				TARGETED_DEVICE_FAMILY = "1,2";
			};
			name = Debug;
		};
		C02385D72927BB77007F9A79 /* Release */ = {
			isa = XCBuildConfiguration;
			buildSettings = {
				ASSETCATALOG_COMPILER_APPICON_NAME = AppIcon;
				ASSETCATALOG_COMPILER_GLOBAL_ACCENT_COLOR_NAME = AccentColor;
				CODE_SIGN_ENTITLEMENTS = XdrSubscript/XdrSubscript.entitlements;
				CODE_SIGN_STYLE = Automatic;
				CURRENT_PROJECT_VERSION = 1;
				DEVELOPMENT_ASSET_PATHS = "\"XdrSubscript/Preview Content\"";
				DEVELOPMENT_TEAM = NAKVM6YWDQ;
				ENABLE_PREVIEWS = YES;
				GENERATE_INFOPLIST_FILE = YES;
				INFOPLIST_FILE = XdrSubscript/Info.plist;
				INFOPLIST_KEY_UIApplicationSceneManifest_Generation = YES;
				INFOPLIST_KEY_UIApplicationSupportsIndirectInputEvents = YES;
				INFOPLIST_KEY_UILaunchScreen_Generation = YES;
				INFOPLIST_KEY_UISupportedInterfaceOrientations_iPad = "UIInterfaceOrientationPortrait UIInterfaceOrientationPortraitUpsideDown UIInterfaceOrientationLandscapeLeft UIInterfaceOrientationLandscapeRight";
				INFOPLIST_KEY_UISupportedInterfaceOrientations_iPhone = "UIInterfaceOrientationPortrait UIInterfaceOrientationLandscapeLeft UIInterfaceOrientationLandscapeRight";
				LD_RUNPATH_SEARCH_PATHS = (
					"$(inherited)",
					"@executable_path/Frameworks",
				);
				MARKETING_VERSION = 1.0;
				PRODUCT_BUNDLE_IDENTIFIER = xdrdev.XdrSubscript;
				PRODUCT_NAME = "$(TARGET_NAME)";
				SWIFT_EMIT_LOC_STRINGS = YES;
				SWIFT_VERSION = 5.0;
				TARGETED_DEVICE_FAMILY = "1,2";
			};
			name = Release;
		};
/* End XCBuildConfiguration section */

/* Begin XCConfigurationList section */
		C02385C22927BB76007F9A79 /* Build configuration list for PBXProject "XdrSubscript" */ = {
			isa = XCConfigurationList;
			buildConfigurations = (
				C02385D32927BB77007F9A79 /* Debug */,
				C02385D42927BB77007F9A79 /* Release */,
			);
			defaultConfigurationIsVisible = 0;
			defaultConfigurationName = Release;
		};
		C02385D52927BB77007F9A79 /* Build configuration list for PBXNativeTarget "XdrSubscript" */ = {
			isa = XCConfigurationList;
			buildConfigurations = (
				C02385D62927BB77007F9A79 /* Debug */,
				C02385D72927BB77007F9A79 /* Release */,
			);
			defaultConfigurationIsVisible = 0;
			defaultConfigurationName = Release;
		};
/* End XCConfigurationList section */

/* Begin XCRemoteSwiftPackageReference section */
		C02385F02927FC32007F9A79 /* XCRemoteSwiftPackageReference "firebase-ios-sdk" */ = {
			isa = XCRemoteSwiftPackageReference;
			repositoryURL = "https://github.com/firebase/firebase-ios-sdk.git";
			requirement = {
				kind = upToNextMajorVersion;
				minimumVersion = 9.0.0;
			};
		};
		C0238603292A58F9007F9A79 /* XCRemoteSwiftPackageReference "GoogleSignIn-iOS" */ = {
			isa = XCRemoteSwiftPackageReference;
			repositoryURL = "https://github.com/google/GoogleSignIn-iOS";
			requirement = {
				kind = upToNextMajorVersion;
				minimumVersion = 6.0.0;
			};
		};
/* End XCRemoteSwiftPackageReference section */

/* Begin XCSwiftPackageProductDependency section */
		C02385F12927FC32007F9A79 /* FirebaseAuth */ = {
			isa = XCSwiftPackageProductDependency;
			package = C02385F02927FC32007F9A79 /* XCRemoteSwiftPackageReference "firebase-ios-sdk" */;
			productName = FirebaseAuth;
		};
		C02385F32927FC32007F9A79 /* FirebaseDatabase */ = {
			isa = XCSwiftPackageProductDependency;
			package = C02385F02927FC32007F9A79 /* XCRemoteSwiftPackageReference "firebase-ios-sdk" */;
			productName = FirebaseDatabase;
		};
		C02385F52927FC32007F9A79 /* FirebaseFirestore */ = {
			isa = XCSwiftPackageProductDependency;
			package = C02385F02927FC32007F9A79 /* XCRemoteSwiftPackageReference "firebase-ios-sdk" */;
			productName = FirebaseFirestore;
		};
		C02385F72927FC32007F9A79 /* FirebaseFirestoreSwift */ = {
			isa = XCSwiftPackageProductDependency;
			package = C02385F02927FC32007F9A79 /* XCRemoteSwiftPackageReference "firebase-ios-sdk" */;
			productName = FirebaseFirestoreSwift;
		};
		C02385F92927FC32007F9A79 /* FirebaseStorage */ = {
			isa = XCSwiftPackageProductDependency;
			package = C02385F02927FC32007F9A79 /* XCRemoteSwiftPackageReference "firebase-ios-sdk" */;
			productName = FirebaseStorage;
		};
		C0238604292A58F9007F9A79 /* GoogleSignIn */ = {
			isa = XCSwiftPackageProductDependency;
			package = C0238603292A58F9007F9A79 /* XCRemoteSwiftPackageReference "GoogleSignIn-iOS" */;
			productName = GoogleSignIn;
		};
		C0238606292A58F9007F9A79 /* GoogleSignInSwift */ = {
			isa = XCSwiftPackageProductDependency;
			package = C0238603292A58F9007F9A79 /* XCRemoteSwiftPackageReference "GoogleSignIn-iOS" */;
			productName = GoogleSignInSwift;
		};
/* End XCSwiftPackageProductDependency section */
	};
	rootObject = C02385BF2927BB76007F9A79 /* Project object */;
}
