// !$*UTF8*$!
{
	archiveVersion = 1;
	classes = {
	};
	objectVersion = 56;
	objects = {

/* Begin PBXBuildFile section */
		C00217A6298033C400ECFBA6 /* DataController.swift in Sources */ = {isa = PBXBuildFile; fileRef = C00217A5298033C400ECFBA6 /* DataController.swift */; };
		C00217A9298035C400ECFBA6 /* SubscriptionXdr.xcdatamodeld in Sources */ = {isa = PBXBuildFile; fileRef = C00217A7298035C400ECFBA6 /* SubscriptionXdr.xcdatamodeld */; };
		C02385CB2927BB76007F9A79 /* XdrSubscriptApp.swift in Sources */ = {isa = PBXBuildFile; fileRef = C02385CA2927BB76007F9A79 /* XdrSubscriptApp.swift */; };
		C02385CF2927BB77007F9A79 /* Assets.xcassets in Resources */ = {isa = PBXBuildFile; fileRef = C02385CE2927BB77007F9A79 /* Assets.xcassets */; };
		C02385D22927BB77007F9A79 /* Preview Assets.xcassets in Resources */ = {isa = PBXBuildFile; fileRef = C02385D12927BB77007F9A79 /* Preview Assets.xcassets */; };
		C02385D92927BBED007F9A79 /* SplashView.swift in Sources */ = {isa = PBXBuildFile; fileRef = C02385D82927BBED007F9A79 /* SplashView.swift */; };
		C02385DB2927BE42007F9A79 /* MainTabView.swift in Sources */ = {isa = PBXBuildFile; fileRef = C02385DA2927BE42007F9A79 /* MainTabView.swift */; };
		C02385E32927CD48007F9A79 /* SubscriptionDetailsView.swift in Sources */ = {isa = PBXBuildFile; fileRef = C02385E22927CD48007F9A79 /* SubscriptionDetailsView.swift */; };
		C02385E52927E2B4007F9A79 /* SubscriptionListView.swift in Sources */ = {isa = PBXBuildFile; fileRef = C02385E42927E2B4007F9A79 /* SubscriptionListView.swift */; };
		C02385E72927E346007F9A79 /* InfoView.swift in Sources */ = {isa = PBXBuildFile; fileRef = C02385E62927E346007F9A79 /* InfoView.swift */; };
		C02385E92927E424007F9A79 /* SettingsView.swift in Sources */ = {isa = PBXBuildFile; fileRef = C02385E82927E424007F9A79 /* SettingsView.swift */; };
		C02385EB2927EA53007F9A79 /* SubscriptionModel.swift in Sources */ = {isa = PBXBuildFile; fileRef = C02385EA2927EA53007F9A79 /* SubscriptionModel.swift */; };
		C02385EF2927FAA5007F9A79 /* AppDelegate.swift in Sources */ = {isa = PBXBuildFile; fileRef = C02385EE2927FAA5007F9A79 /* AppDelegate.swift */; };
		C0238600292841B7007F9A79 /* ColorExt.swift in Sources */ = {isa = PBXBuildFile; fileRef = C02385FF292841B7007F9A79 /* ColorExt.swift */; };
		C023860B292B031A007F9A79 /* NewSubscriptionView.swift in Sources */ = {isa = PBXBuildFile; fileRef = C023860A292B031A007F9A79 /* NewSubscriptionView.swift */; };
		C029147F292ED44400972886 /* AppState.swift in Sources */ = {isa = PBXBuildFile; fileRef = C029147E292ED44400972886 /* AppState.swift */; };
		C0291481292EE0CF00972886 /* GroupedByMonthSubscriptions.swift in Sources */ = {isa = PBXBuildFile; fileRef = C0291480292EE0CF00972886 /* GroupedByMonthSubscriptions.swift */; };
		C0291483292F695B00972886 /* CurrencyModel.swift in Sources */ = {isa = PBXBuildFile; fileRef = C0291482292F695B00972886 /* CurrencyModel.swift */; };
		C0291485292F84F700972886 /* SortedBy.swift in Sources */ = {isa = PBXBuildFile; fileRef = C0291484292F84F700972886 /* SortedBy.swift */; };
		C04F5EB4298A7E8300D423DE /* BackgroundView.swift in Sources */ = {isa = PBXBuildFile; fileRef = C04F5EB3298A7E8300D423DE /* BackgroundView.swift */; };
		C054F53F298ACCF900122A16 /* DateExt.swift in Sources */ = {isa = PBXBuildFile; fileRef = C054F53E298ACCF900122A16 /* DateExt.swift */; };
		C054F543298AD1DD00122A16 /* LoadingState.swift in Sources */ = {isa = PBXBuildFile; fileRef = C054F542298AD1DD00122A16 /* LoadingState.swift */; };
		C05B216D292E45650086C8FA /* SpinnerView.swift in Sources */ = {isa = PBXBuildFile; fileRef = C05B216C292E45650086C8FA /* SpinnerView.swift */; };
		C05B216F292E565D0086C8FA /* EmptyView.swift in Sources */ = {isa = PBXBuildFile; fileRef = C05B216E292E565D0086C8FA /* EmptyView.swift */; };
		C05B2171292E611C0086C8FA /* SuccessView.swift in Sources */ = {isa = PBXBuildFile; fileRef = C05B2170292E611C0086C8FA /* SuccessView.swift */; };
		C065A5F9297EDC4400D7FC9D /* FontExt.swift in Sources */ = {isa = PBXBuildFile; fileRef = C065A5F8297EDC4400D7FC9D /* FontExt.swift */; };
		C0763E862983D85D00529340 /* Color.xcassets in Resources */ = {isa = PBXBuildFile; fileRef = C0763E852983D85D00529340 /* Color.xcassets */; };
		C088A67C298B3D190055B3D9 /* ImageExt.swift in Sources */ = {isa = PBXBuildFile; fileRef = C088A67B298B3D190055B3D9 /* ImageExt.swift */; };
		C0B48BBF298041A3004F2B14 /* Subscription+CoreDataClass.swift in Sources */ = {isa = PBXBuildFile; fileRef = C0B48BBD298041A3004F2B14 /* Subscription+CoreDataClass.swift */; };
		C0B48BC0298041A3004F2B14 /* Subscription+CoreDataProperties.swift in Sources */ = {isa = PBXBuildFile; fileRef = C0B48BBE298041A3004F2B14 /* Subscription+CoreDataProperties.swift */; };
		C0F5D245298C18E70053E0AB /* StringExt.swift in Sources */ = {isa = PBXBuildFile; fileRef = C0F5D244298C18E70053E0AB /* StringExt.swift */; };
		C0F5D247298C7D150053E0AB /* HistoryView.swift in Sources */ = {isa = PBXBuildFile; fileRef = C0F5D246298C7D150053E0AB /* HistoryView.swift */; };
		C0F5D250298F02D60053E0AB /* WidgetKit.framework in Frameworks */ = {isa = PBXBuildFile; fileRef = C0F5D24F298F02D60053E0AB /* WidgetKit.framework */; };
		C0F5D252298F02D60053E0AB /* SwiftUI.framework in Frameworks */ = {isa = PBXBuildFile; fileRef = C0F5D251298F02D60053E0AB /* SwiftUI.framework */; };
		C0F5D255298F02D60053E0AB /* XdrSubscriptWidgetBundle.swift in Sources */ = {isa = PBXBuildFile; fileRef = C0F5D254298F02D60053E0AB /* XdrSubscriptWidgetBundle.swift */; };
		C0F5D257298F02D60053E0AB /* XdrSubscriptWidget.swift in Sources */ = {isa = PBXBuildFile; fileRef = C0F5D256298F02D60053E0AB /* XdrSubscriptWidget.swift */; };
		C0F5D259298F02D80053E0AB /* Assets.xcassets in Resources */ = {isa = PBXBuildFile; fileRef = C0F5D258298F02D80053E0AB /* Assets.xcassets */; };
		C0F5D25D298F02D80053E0AB /* XdrSubscriptWidgetExtension.appex in Embed Foundation Extensions */ = {isa = PBXBuildFile; fileRef = C0F5D24E298F02D60053E0AB /* XdrSubscriptWidgetExtension.appex */; settings = {ATTRIBUTES = (RemoveHeadersOnCopy, ); }; };
		C0F5D262298F04560053E0AB /* SubscriptionXdr.xcdatamodeld in Sources */ = {isa = PBXBuildFile; fileRef = C00217A7298035C400ECFBA6 /* SubscriptionXdr.xcdatamodeld */; };
		C0F5D263298F04720053E0AB /* Subscription+CoreDataClass.swift in Sources */ = {isa = PBXBuildFile; fileRef = C0B48BBD298041A3004F2B14 /* Subscription+CoreDataClass.swift */; };
		C0F5D264298F04750053E0AB /* Subscription+CoreDataProperties.swift in Sources */ = {isa = PBXBuildFile; fileRef = C0B48BBE298041A3004F2B14 /* Subscription+CoreDataProperties.swift */; };
		C0F5D265298F04980053E0AB /* DataController.swift in Sources */ = {isa = PBXBuildFile; fileRef = C00217A5298033C400ECFBA6 /* DataController.swift */; };
		C0F5D266298F04A80053E0AB /* AppState.swift in Sources */ = {isa = PBXBuildFile; fileRef = C029147E292ED44400972886 /* AppState.swift */; };
		C0F5D267298F24BE0053E0AB /* SubscriptionModel.swift in Sources */ = {isa = PBXBuildFile; fileRef = C02385EA2927EA53007F9A79 /* SubscriptionModel.swift */; };
		C0F5D268298F24D30053E0AB /* GroupedByMonthSubscriptions.swift in Sources */ = {isa = PBXBuildFile; fileRef = C0291480292EE0CF00972886 /* GroupedByMonthSubscriptions.swift */; };
		C0F5D269298F24EA0053E0AB /* StringExt.swift in Sources */ = {isa = PBXBuildFile; fileRef = C0F5D244298C18E70053E0AB /* StringExt.swift */; };
		C0F5D26A298F24F60053E0AB /* LoadingState.swift in Sources */ = {isa = PBXBuildFile; fileRef = C054F542298AD1DD00122A16 /* LoadingState.swift */; };
		C0F5D26B298F25290053E0AB /* DateExt.swift in Sources */ = {isa = PBXBuildFile; fileRef = C054F53E298ACCF900122A16 /* DateExt.swift */; };
		C0F5D26D298FCBAF0053E0AB /* FontExt.swift in Sources */ = {isa = PBXBuildFile; fileRef = C065A5F8297EDC4400D7FC9D /* FontExt.swift */; };
		C0F5D273299008BF0053E0AB /* ColorExt.swift in Sources */ = {isa = PBXBuildFile; fileRef = C02385FF292841B7007F9A79 /* ColorExt.swift */; };
/* End PBXBuildFile section */

/* Begin PBXContainerItemProxy section */
		C0F5D25B298F02D80053E0AB /* PBXContainerItemProxy */ = {
			isa = PBXContainerItemProxy;
			containerPortal = C02385BF2927BB76007F9A79 /* Project object */;
			proxyType = 1;
			remoteGlobalIDString = C0F5D24D298F02D60053E0AB;
			remoteInfo = XdrSubscriptWidgetExtension;
		};
/* End PBXContainerItemProxy section */

/* Begin PBXCopyFilesBuildPhase section */
		C0F5D261298F02D80053E0AB /* Embed Foundation Extensions */ = {
			isa = PBXCopyFilesBuildPhase;
			buildActionMask = 2147483647;
			dstPath = "";
			dstSubfolderSpec = 13;
			files = (
				C0F5D25D298F02D80053E0AB /* XdrSubscriptWidgetExtension.appex in Embed Foundation Extensions */,
			);
			name = "Embed Foundation Extensions";
			runOnlyForDeploymentPostprocessing = 0;
		};
/* End PBXCopyFilesBuildPhase section */

/* Begin PBXFileReference section */
		C00217A5298033C400ECFBA6 /* DataController.swift */ = {isa = PBXFileReference; lastKnownFileType = sourcecode.swift; path = DataController.swift; sourceTree = "<group>"; };
		C00217A8298035C400ECFBA6 /* SubscriptionXdr.xcdatamodel */ = {isa = PBXFileReference; lastKnownFileType = wrapper.xcdatamodel; path = SubscriptionXdr.xcdatamodel; sourceTree = "<group>"; };
		C02385C72927BB76007F9A79 /* XdrSubscript.app */ = {isa = PBXFileReference; explicitFileType = wrapper.application; includeInIndex = 0; path = XdrSubscript.app; sourceTree = BUILT_PRODUCTS_DIR; };
		C02385CA2927BB76007F9A79 /* XdrSubscriptApp.swift */ = {isa = PBXFileReference; lastKnownFileType = sourcecode.swift; path = XdrSubscriptApp.swift; sourceTree = "<group>"; };
		C02385CE2927BB77007F9A79 /* Assets.xcassets */ = {isa = PBXFileReference; lastKnownFileType = folder.assetcatalog; path = Assets.xcassets; sourceTree = "<group>"; };
		C02385D12927BB77007F9A79 /* Preview Assets.xcassets */ = {isa = PBXFileReference; lastKnownFileType = folder.assetcatalog; path = "Preview Assets.xcassets"; sourceTree = "<group>"; };
		C02385D82927BBED007F9A79 /* SplashView.swift */ = {isa = PBXFileReference; lastKnownFileType = sourcecode.swift; path = SplashView.swift; sourceTree = "<group>"; };
		C02385DA2927BE42007F9A79 /* MainTabView.swift */ = {isa = PBXFileReference; lastKnownFileType = sourcecode.swift; path = MainTabView.swift; sourceTree = "<group>"; };
		C02385E22927CD48007F9A79 /* SubscriptionDetailsView.swift */ = {isa = PBXFileReference; lastKnownFileType = sourcecode.swift; path = SubscriptionDetailsView.swift; sourceTree = "<group>"; };
		C02385E42927E2B4007F9A79 /* SubscriptionListView.swift */ = {isa = PBXFileReference; lastKnownFileType = sourcecode.swift; path = SubscriptionListView.swift; sourceTree = "<group>"; };
		C02385E62927E346007F9A79 /* InfoView.swift */ = {isa = PBXFileReference; lastKnownFileType = sourcecode.swift; path = InfoView.swift; sourceTree = "<group>"; };
		C02385E82927E424007F9A79 /* SettingsView.swift */ = {isa = PBXFileReference; lastKnownFileType = sourcecode.swift; path = SettingsView.swift; sourceTree = "<group>"; };
		C02385EA2927EA53007F9A79 /* SubscriptionModel.swift */ = {isa = PBXFileReference; lastKnownFileType = sourcecode.swift; path = SubscriptionModel.swift; sourceTree = "<group>"; };
		C02385EE2927FAA5007F9A79 /* AppDelegate.swift */ = {isa = PBXFileReference; lastKnownFileType = sourcecode.swift; path = AppDelegate.swift; sourceTree = "<group>"; };
		C02385FF292841B7007F9A79 /* ColorExt.swift */ = {isa = PBXFileReference; lastKnownFileType = sourcecode.swift; path = ColorExt.swift; sourceTree = "<group>"; };
		C0238608292A6ABB007F9A79 /* Info.plist */ = {isa = PBXFileReference; lastKnownFileType = text.plist; path = Info.plist; sourceTree = "<group>"; };
		C0238609292AEC65007F9A79 /* XdrSubscript.entitlements */ = {isa = PBXFileReference; lastKnownFileType = text.plist.entitlements; path = XdrSubscript.entitlements; sourceTree = "<group>"; };
		C023860A292B031A007F9A79 /* NewSubscriptionView.swift */ = {isa = PBXFileReference; lastKnownFileType = sourcecode.swift; path = NewSubscriptionView.swift; sourceTree = "<group>"; };
		C029147E292ED44400972886 /* AppState.swift */ = {isa = PBXFileReference; lastKnownFileType = sourcecode.swift; path = AppState.swift; sourceTree = "<group>"; };
		C0291480292EE0CF00972886 /* GroupedByMonthSubscriptions.swift */ = {isa = PBXFileReference; lastKnownFileType = sourcecode.swift; path = GroupedByMonthSubscriptions.swift; sourceTree = "<group>"; };
		C0291482292F695B00972886 /* CurrencyModel.swift */ = {isa = PBXFileReference; lastKnownFileType = sourcecode.swift; path = CurrencyModel.swift; sourceTree = "<group>"; };
		C0291484292F84F700972886 /* SortedBy.swift */ = {isa = PBXFileReference; lastKnownFileType = sourcecode.swift; path = SortedBy.swift; sourceTree = "<group>"; };
		C04F5EB3298A7E8300D423DE /* BackgroundView.swift */ = {isa = PBXFileReference; lastKnownFileType = sourcecode.swift; path = BackgroundView.swift; sourceTree = "<group>"; };
		C054F53E298ACCF900122A16 /* DateExt.swift */ = {isa = PBXFileReference; lastKnownFileType = sourcecode.swift; path = DateExt.swift; sourceTree = "<group>"; };
		C054F542298AD1DD00122A16 /* LoadingState.swift */ = {isa = PBXFileReference; lastKnownFileType = sourcecode.swift; path = LoadingState.swift; sourceTree = "<group>"; };
		C05B216C292E45650086C8FA /* SpinnerView.swift */ = {isa = PBXFileReference; lastKnownFileType = sourcecode.swift; path = SpinnerView.swift; sourceTree = "<group>"; };
		C05B216E292E565D0086C8FA /* EmptyView.swift */ = {isa = PBXFileReference; lastKnownFileType = sourcecode.swift; path = EmptyView.swift; sourceTree = "<group>"; };
		C05B2170292E611C0086C8FA /* SuccessView.swift */ = {isa = PBXFileReference; lastKnownFileType = sourcecode.swift; path = SuccessView.swift; sourceTree = "<group>"; };
		C065A5F8297EDC4400D7FC9D /* FontExt.swift */ = {isa = PBXFileReference; lastKnownFileType = sourcecode.swift; path = FontExt.swift; sourceTree = "<group>"; };
		C0763E852983D85D00529340 /* Color.xcassets */ = {isa = PBXFileReference; lastKnownFileType = folder.assetcatalog; path = Color.xcassets; sourceTree = "<group>"; };
		C088A67B298B3D190055B3D9 /* ImageExt.swift */ = {isa = PBXFileReference; lastKnownFileType = sourcecode.swift; path = ImageExt.swift; sourceTree = "<group>"; };
		C0B48BBD298041A3004F2B14 /* Subscription+CoreDataClass.swift */ = {isa = PBXFileReference; lastKnownFileType = sourcecode.swift; name = "Subscription+CoreDataClass.swift"; path = "XdrSubscript/Subscription+CoreDataClass.swift"; sourceTree = "<group>"; };
		C0B48BBE298041A3004F2B14 /* Subscription+CoreDataProperties.swift */ = {isa = PBXFileReference; lastKnownFileType = sourcecode.swift; name = "Subscription+CoreDataProperties.swift"; path = "XdrSubscript/Subscription+CoreDataProperties.swift"; sourceTree = "<group>"; };
		C0F5D244298C18E70053E0AB /* StringExt.swift */ = {isa = PBXFileReference; lastKnownFileType = sourcecode.swift; path = StringExt.swift; sourceTree = "<group>"; };
		C0F5D246298C7D150053E0AB /* HistoryView.swift */ = {isa = PBXFileReference; lastKnownFileType = sourcecode.swift; path = HistoryView.swift; sourceTree = "<group>"; };
		C0F5D24E298F02D60053E0AB /* XdrSubscriptWidgetExtension.appex */ = {isa = PBXFileReference; explicitFileType = "wrapper.app-extension"; includeInIndex = 0; path = XdrSubscriptWidgetExtension.appex; sourceTree = BUILT_PRODUCTS_DIR; };
		C0F5D24F298F02D60053E0AB /* WidgetKit.framework */ = {isa = PBXFileReference; lastKnownFileType = wrapper.framework; name = WidgetKit.framework; path = System/Library/Frameworks/WidgetKit.framework; sourceTree = SDKROOT; };
		C0F5D251298F02D60053E0AB /* SwiftUI.framework */ = {isa = PBXFileReference; lastKnownFileType = wrapper.framework; name = SwiftUI.framework; path = System/Library/Frameworks/SwiftUI.framework; sourceTree = SDKROOT; };
		C0F5D254298F02D60053E0AB /* XdrSubscriptWidgetBundle.swift */ = {isa = PBXFileReference; lastKnownFileType = sourcecode.swift; path = XdrSubscriptWidgetBundle.swift; sourceTree = "<group>"; };
		C0F5D256298F02D60053E0AB /* XdrSubscriptWidget.swift */ = {isa = PBXFileReference; lastKnownFileType = sourcecode.swift; path = XdrSubscriptWidget.swift; sourceTree = "<group>"; };
		C0F5D258298F02D80053E0AB /* Assets.xcassets */ = {isa = PBXFileReference; lastKnownFileType = folder.assetcatalog; path = Assets.xcassets; sourceTree = "<group>"; };
		C0F5D25A298F02D80053E0AB /* Info.plist */ = {isa = PBXFileReference; lastKnownFileType = text.plist.xml; path = Info.plist; sourceTree = "<group>"; };
		C0F5D26C298FB8330053E0AB /* XdrSubscriptWidgetExtension.entitlements */ = {isa = PBXFileReference; lastKnownFileType = text.plist.entitlements; path = XdrSubscriptWidgetExtension.entitlements; sourceTree = "<group>"; };
/* End PBXFileReference section */

/* Begin PBXFrameworksBuildPhase section */
		C02385C42927BB76007F9A79 /* Frameworks */ = {
			isa = PBXFrameworksBuildPhase;
			buildActionMask = 2147483647;
			files = (
			);
			runOnlyForDeploymentPostprocessing = 0;
		};
		C0F5D24B298F02D60053E0AB /* Frameworks */ = {
			isa = PBXFrameworksBuildPhase;
			buildActionMask = 2147483647;
			files = (
				C0F5D252298F02D60053E0AB /* SwiftUI.framework in Frameworks */,
				C0F5D250298F02D60053E0AB /* WidgetKit.framework in Frameworks */,
			);
			runOnlyForDeploymentPostprocessing = 0;
		};
/* End PBXFrameworksBuildPhase section */

/* Begin PBXGroup section */
		C02385BE2927BB76007F9A79 = {
			isa = PBXGroup;
			children = (
				C0F5D26C298FB8330053E0AB /* XdrSubscriptWidgetExtension.entitlements */,
				C0B48BBD298041A3004F2B14 /* Subscription+CoreDataClass.swift */,
				C0B48BBE298041A3004F2B14 /* Subscription+CoreDataProperties.swift */,
				C02385C92927BB76007F9A79 /* XdrSubscript */,
				C0F5D253298F02D60053E0AB /* XdrSubscriptWidget */,
				C02385C82927BB76007F9A79 /* Products */,
				C0F0A77129389E35001B4737 /* Frameworks */,
			);
			sourceTree = "<group>";
		};
		C02385C82927BB76007F9A79 /* Products */ = {
			isa = PBXGroup;
			children = (
				C02385C72927BB76007F9A79 /* XdrSubscript.app */,
				C0F5D24E298F02D60053E0AB /* XdrSubscriptWidgetExtension.appex */,
			);
			name = Products;
			sourceTree = "<group>";
		};
		C02385C92927BB76007F9A79 /* XdrSubscript */ = {
			isa = PBXGroup;
			children = (
				C0238608292A6ABB007F9A79 /* Info.plist */,
				C0238609292AEC65007F9A79 /* XdrSubscript.entitlements */,
				C088A67F298BB0D30055B3D9 /* SharedPlatform */,
				C088A674298B396C0055B3D9 /* iOS */,
				C02385FD29284192007F9A79 /* Extensions */,
				C02385E12927BE88007F9A79 /* Views */,
				C02385DC2927BE5E007F9A79 /* Models */,
				C02385CA2927BB76007F9A79 /* XdrSubscriptApp.swift */,
				C02385EE2927FAA5007F9A79 /* AppDelegate.swift */,
				C02385CE2927BB77007F9A79 /* Assets.xcassets */,
				C0763E852983D85D00529340 /* Color.xcassets */,
				C02385D02927BB77007F9A79 /* Preview Content */,
				C00217A7298035C400ECFBA6 /* SubscriptionXdr.xcdatamodeld */,
			);
			path = XdrSubscript;
			sourceTree = "<group>";
		};
		C02385D02927BB77007F9A79 /* Preview Content */ = {
			isa = PBXGroup;
			children = (
				C02385D12927BB77007F9A79 /* Preview Assets.xcassets */,
			);
			path = "Preview Content";
			sourceTree = "<group>";
		};
		C02385DC2927BE5E007F9A79 /* Models */ = {
			isa = PBXGroup;
			children = (
				C02385EA2927EA53007F9A79 /* SubscriptionModel.swift */,
				C029147E292ED44400972886 /* AppState.swift */,
				C0291480292EE0CF00972886 /* GroupedByMonthSubscriptions.swift */,
				C0291482292F695B00972886 /* CurrencyModel.swift */,
				C0291484292F84F700972886 /* SortedBy.swift */,
				C00217A5298033C400ECFBA6 /* DataController.swift */,
				C054F542298AD1DD00122A16 /* LoadingState.swift */,
			);
			path = Models;
			sourceTree = "<group>";
		};
		C02385E12927BE88007F9A79 /* Views */ = {
			isa = PBXGroup;
			children = (
				C02385D82927BBED007F9A79 /* SplashView.swift */,
				C02385DA2927BE42007F9A79 /* MainTabView.swift */,
				C02385E42927E2B4007F9A79 /* SubscriptionListView.swift */,
				C023860A292B031A007F9A79 /* NewSubscriptionView.swift */,
				C05B216C292E45650086C8FA /* SpinnerView.swift */,
				C02385E22927CD48007F9A79 /* SubscriptionDetailsView.swift */,
				C02385E62927E346007F9A79 /* InfoView.swift */,
				C02385E82927E424007F9A79 /* SettingsView.swift */,
				C05B216E292E565D0086C8FA /* EmptyView.swift */,
				C05B2170292E611C0086C8FA /* SuccessView.swift */,
				C04F5EB3298A7E8300D423DE /* BackgroundView.swift */,
				C0F5D246298C7D150053E0AB /* HistoryView.swift */,
			);
			path = Views;
			sourceTree = "<group>";
		};
		C02385FD29284192007F9A79 /* Extensions */ = {
			isa = PBXGroup;
			children = (
				C02385FF292841B7007F9A79 /* ColorExt.swift */,
				C065A5F8297EDC4400D7FC9D /* FontExt.swift */,
				C054F53E298ACCF900122A16 /* DateExt.swift */,
				C088A67B298B3D190055B3D9 /* ImageExt.swift */,
			);
			path = Extensions;
			sourceTree = "<group>";
		};
		C088A674298B396C0055B3D9 /* iOS */ = {
			isa = PBXGroup;
			children = (
			);
			path = iOS;
			sourceTree = "<group>";
		};
		C088A67F298BB0D30055B3D9 /* SharedPlatform */ = {
			isa = PBXGroup;
			children = (
				C088A682298BB10C0055B3D9 /* models */,
				C088A681298BB0F60055B3D9 /* extensions */,
				C088A680298BB0ED0055B3D9 /* views */,
			);
			path = SharedPlatform;
			sourceTree = "<group>";
		};
		C088A680298BB0ED0055B3D9 /* views */ = {
			isa = PBXGroup;
			children = (
			);
			path = views;
			sourceTree = "<group>";
		};
		C088A681298BB0F60055B3D9 /* extensions */ = {
			isa = PBXGroup;
			children = (
				C0F5D244298C18E70053E0AB /* StringExt.swift */,
			);
			path = extensions;
			sourceTree = "<group>";
		};
		C088A682298BB10C0055B3D9 /* models */ = {
			isa = PBXGroup;
			children = (
			);
			path = models;
			sourceTree = "<group>";
		};
		C0F0A77129389E35001B4737 /* Frameworks */ = {
			isa = PBXGroup;
			children = (
				C0F5D24F298F02D60053E0AB /* WidgetKit.framework */,
				C0F5D251298F02D60053E0AB /* SwiftUI.framework */,
			);
			name = Frameworks;
			sourceTree = "<group>";
		};
		C0F5D253298F02D60053E0AB /* XdrSubscriptWidget */ = {
			isa = PBXGroup;
			children = (
				C0F5D254298F02D60053E0AB /* XdrSubscriptWidgetBundle.swift */,
				C0F5D256298F02D60053E0AB /* XdrSubscriptWidget.swift */,
				C0F5D258298F02D80053E0AB /* Assets.xcassets */,
				C0F5D25A298F02D80053E0AB /* Info.plist */,
			);
			path = XdrSubscriptWidget;
			sourceTree = "<group>";
		};
/* End PBXGroup section */

/* Begin PBXNativeTarget section */
		C02385C62927BB76007F9A79 /* XdrSubscript */ = {
			isa = PBXNativeTarget;
			buildConfigurationList = C02385D52927BB77007F9A79 /* Build configuration list for PBXNativeTarget "XdrSubscript" */;
			buildPhases = (
				C02385C32927BB76007F9A79 /* Sources */,
				C02385C42927BB76007F9A79 /* Frameworks */,
				C02385C52927BB76007F9A79 /* Resources */,
				C0F5D261298F02D80053E0AB /* Embed Foundation Extensions */,
			);
			buildRules = (
			);
			dependencies = (
				C0F5D25C298F02D80053E0AB /* PBXTargetDependency */,
			);
			name = XdrSubscript;
			packageProductDependencies = (
			);
			productName = XdrSubscript;
			productReference = C02385C72927BB76007F9A79 /* XdrSubscript.app */;
			productType = "com.apple.product-type.application";
		};
		C0F5D24D298F02D60053E0AB /* XdrSubscriptWidgetExtension */ = {
			isa = PBXNativeTarget;
			buildConfigurationList = C0F5D25E298F02D80053E0AB /* Build configuration list for PBXNativeTarget "XdrSubscriptWidgetExtension" */;
			buildPhases = (
				C0F5D24A298F02D60053E0AB /* Sources */,
				C0F5D24B298F02D60053E0AB /* Frameworks */,
				C0F5D24C298F02D60053E0AB /* Resources */,
			);
			buildRules = (
			);
			dependencies = (
			);
			name = XdrSubscriptWidgetExtension;
			productName = XdrSubscriptWidgetExtension;
			productReference = C0F5D24E298F02D60053E0AB /* XdrSubscriptWidgetExtension.appex */;
			productType = "com.apple.product-type.app-extension";
		};
/* End PBXNativeTarget section */

/* Begin PBXProject section */
		C02385BF2927BB76007F9A79 /* Project object */ = {
			isa = PBXProject;
			attributes = {
				BuildIndependentTargetsInParallel = 1;
				LastSwiftUpdateCheck = 1420;
				LastUpgradeCheck = 1410;
				TargetAttributes = {
					C02385C62927BB76007F9A79 = {
						CreatedOnToolsVersion = 14.1;
					};
					C0F5D24D298F02D60053E0AB = {
						CreatedOnToolsVersion = 14.2;
					};
				};
			};
			buildConfigurationList = C02385C22927BB76007F9A79 /* Build configuration list for PBXProject "XdrSubscript" */;
			compatibilityVersion = "Xcode 14.0";
			developmentRegion = en;
			hasScannedForEncodings = 0;
			knownRegions = (
				en,
				Base,
			);
			mainGroup = C02385BE2927BB76007F9A79;
			packageReferences = (
			);
			productRefGroup = C02385C82927BB76007F9A79 /* Products */;
			projectDirPath = "";
			projectRoot = "";
			targets = (
				C02385C62927BB76007F9A79 /* XdrSubscript */,
				C0F5D24D298F02D60053E0AB /* XdrSubscriptWidgetExtension */,
			);
		};
/* End PBXProject section */

/* Begin PBXResourcesBuildPhase section */
		C02385C52927BB76007F9A79 /* Resources */ = {
			isa = PBXResourcesBuildPhase;
			buildActionMask = 2147483647;
			files = (
				C02385D22927BB77007F9A79 /* Preview Assets.xcassets in Resources */,
				C0763E862983D85D00529340 /* Color.xcassets in Resources */,
				C02385CF2927BB77007F9A79 /* Assets.xcassets in Resources */,
			);
			runOnlyForDeploymentPostprocessing = 0;
		};
		C0F5D24C298F02D60053E0AB /* Resources */ = {
			isa = PBXResourcesBuildPhase;
			buildActionMask = 2147483647;
			files = (
				C0F5D259298F02D80053E0AB /* Assets.xcassets in Resources */,
			);
			runOnlyForDeploymentPostprocessing = 0;
		};
/* End PBXResourcesBuildPhase section */

/* Begin PBXSourcesBuildPhase section */
		C02385C32927BB76007F9A79 /* Sources */ = {
			isa = PBXSourcesBuildPhase;
			buildActionMask = 2147483647;
			files = (
				C02385EF2927FAA5007F9A79 /* AppDelegate.swift in Sources */,
				C0291485292F84F700972886 /* SortedBy.swift in Sources */,
				C054F53F298ACCF900122A16 /* DateExt.swift in Sources */,
				C0F5D247298C7D150053E0AB /* HistoryView.swift in Sources */,
				C0B48BC0298041A3004F2B14 /* Subscription+CoreDataProperties.swift in Sources */,
				C05B216D292E45650086C8FA /* SpinnerView.swift in Sources */,
				C05B2171292E611C0086C8FA /* SuccessView.swift in Sources */,
				C054F543298AD1DD00122A16 /* LoadingState.swift in Sources */,
				C029147F292ED44400972886 /* AppState.swift in Sources */,
				C02385EB2927EA53007F9A79 /* SubscriptionModel.swift in Sources */,
				C0B48BBF298041A3004F2B14 /* Subscription+CoreDataClass.swift in Sources */,
				C0F5D245298C18E70053E0AB /* StringExt.swift in Sources */,
				C02385E72927E346007F9A79 /* InfoView.swift in Sources */,
				C00217A6298033C400ECFBA6 /* DataController.swift in Sources */,
				C05B216F292E565D0086C8FA /* EmptyView.swift in Sources */,
				C02385E52927E2B4007F9A79 /* SubscriptionListView.swift in Sources */,
				C02385CB2927BB76007F9A79 /* XdrSubscriptApp.swift in Sources */,
				C00217A9298035C400ECFBA6 /* SubscriptionXdr.xcdatamodeld in Sources */,
				C02385E92927E424007F9A79 /* SettingsView.swift in Sources */,
				C0291483292F695B00972886 /* CurrencyModel.swift in Sources */,
				C023860B292B031A007F9A79 /* NewSubscriptionView.swift in Sources */,
				C02385D92927BBED007F9A79 /* SplashView.swift in Sources */,
				C088A67C298B3D190055B3D9 /* ImageExt.swift in Sources */,
				C04F5EB4298A7E8300D423DE /* BackgroundView.swift in Sources */,
				C02385E32927CD48007F9A79 /* SubscriptionDetailsView.swift in Sources */,
				C0291481292EE0CF00972886 /* GroupedByMonthSubscriptions.swift in Sources */,
				C02385DB2927BE42007F9A79 /* MainTabView.swift in Sources */,
				C065A5F9297EDC4400D7FC9D /* FontExt.swift in Sources */,
				C0238600292841B7007F9A79 /* ColorExt.swift in Sources */,
			);
			runOnlyForDeploymentPostprocessing = 0;
		};
		C0F5D24A298F02D60053E0AB /* Sources */ = {
			isa = PBXSourcesBuildPhase;
			buildActionMask = 2147483647;
			files = (
				C0F5D267298F24BE0053E0AB /* SubscriptionModel.swift in Sources */,
				C0F5D263298F04720053E0AB /* Subscription+CoreDataClass.swift in Sources */,
				C0F5D265298F04980053E0AB /* DataController.swift in Sources */,
				C0F5D266298F04A80053E0AB /* AppState.swift in Sources */,
				C0F5D269298F24EA0053E0AB /* StringExt.swift in Sources */,
				C0F5D26D298FCBAF0053E0AB /* FontExt.swift in Sources */,
				C0F5D264298F04750053E0AB /* Subscription+CoreDataProperties.swift in Sources */,
				C0F5D262298F04560053E0AB /* SubscriptionXdr.xcdatamodeld in Sources */,
				C0F5D257298F02D60053E0AB /* XdrSubscriptWidget.swift in Sources */,
				C0F5D255298F02D60053E0AB /* XdrSubscriptWidgetBundle.swift in Sources */,
				C0F5D268298F24D30053E0AB /* GroupedByMonthSubscriptions.swift in Sources */,
				C0F5D26A298F24F60053E0AB /* LoadingState.swift in Sources */,
				C0F5D26B298F25290053E0AB /* DateExt.swift in Sources */,
				C0F5D273299008BF0053E0AB /* ColorExt.swift in Sources */,
			);
			runOnlyForDeploymentPostprocessing = 0;
		};
/* End PBXSourcesBuildPhase section */

/* Begin PBXTargetDependency section */
		C0F5D25C298F02D80053E0AB /* PBXTargetDependency */ = {
			isa = PBXTargetDependency;
			target = C0F5D24D298F02D60053E0AB /* XdrSubscriptWidgetExtension */;
			targetProxy = C0F5D25B298F02D80053E0AB /* PBXContainerItemProxy */;
		};
/* End PBXTargetDependency section */

/* Begin XCBuildConfiguration section */
		C02385D32927BB77007F9A79 /* Debug */ = {
			isa = XCBuildConfiguration;
			buildSettings = {
				ALWAYS_SEARCH_USER_PATHS = NO;
				CLANG_ANALYZER_NONNULL = YES;
				CLANG_ANALYZER_NUMBER_OBJECT_CONVERSION = YES_AGGRESSIVE;
				CLANG_CXX_LANGUAGE_STANDARD = "gnu++20";
				CLANG_ENABLE_MODULES = YES;
				CLANG_ENABLE_OBJC_ARC = YES;
				CLANG_ENABLE_OBJC_WEAK = YES;
				CLANG_WARN_BLOCK_CAPTURE_AUTORELEASING = YES;
				CLANG_WARN_BOOL_CONVERSION = YES;
				CLANG_WARN_COMMA = YES;
				CLANG_WARN_CONSTANT_CONVERSION = YES;
				CLANG_WARN_DEPRECATED_OBJC_IMPLEMENTATIONS = YES;
				CLANG_WARN_DIRECT_OBJC_ISA_USAGE = YES_ERROR;
				CLANG_WARN_DOCUMENTATION_COMMENTS = YES;
				CLANG_WARN_EMPTY_BODY = YES;
				CLANG_WARN_ENUM_CONVERSION = YES;
				CLANG_WARN_INFINITE_RECURSION = YES;
				CLANG_WARN_INT_CONVERSION = YES;
				CLANG_WARN_NON_LITERAL_NULL_CONVERSION = YES;
				CLANG_WARN_OBJC_IMPLICIT_RETAIN_SELF = YES;
				CLANG_WARN_OBJC_LITERAL_CONVERSION = YES;
				CLANG_WARN_OBJC_ROOT_CLASS = YES_ERROR;
				CLANG_WARN_QUOTED_INCLUDE_IN_FRAMEWORK_HEADER = YES;
				CLANG_WARN_RANGE_LOOP_ANALYSIS = YES;
				CLANG_WARN_STRICT_PROTOTYPES = YES;
				CLANG_WARN_SUSPICIOUS_MOVE = YES;
				CLANG_WARN_UNGUARDED_AVAILABILITY = YES_AGGRESSIVE;
				CLANG_WARN_UNREACHABLE_CODE = YES;
				CLANG_WARN__DUPLICATE_METHOD_MATCH = YES;
				COPY_PHASE_STRIP = NO;
				DEBUG_INFORMATION_FORMAT = dwarf;
				ENABLE_STRICT_OBJC_MSGSEND = YES;
				ENABLE_TESTABILITY = YES;
				GCC_C_LANGUAGE_STANDARD = gnu11;
				GCC_DYNAMIC_NO_PIC = NO;
				GCC_NO_COMMON_BLOCKS = YES;
				GCC_OPTIMIZATION_LEVEL = 0;
				GCC_PREPROCESSOR_DEFINITIONS = (
					"DEBUG=1",
					"$(inherited)",
				);
				GCC_WARN_64_TO_32_BIT_CONVERSION = YES;
				GCC_WARN_ABOUT_RETURN_TYPE = YES_ERROR;
				GCC_WARN_UNDECLARED_SELECTOR = YES;
				GCC_WARN_UNINITIALIZED_AUTOS = YES_AGGRESSIVE;
				GCC_WARN_UNUSED_FUNCTION = YES;
				GCC_WARN_UNUSED_VARIABLE = YES;
				IPHONEOS_DEPLOYMENT_TARGET = 16.1;
				MTL_ENABLE_DEBUG_INFO = INCLUDE_SOURCE;
				MTL_FAST_MATH = YES;
				ONLY_ACTIVE_ARCH = YES;
				SDKROOT = iphoneos;
				SWIFT_ACTIVE_COMPILATION_CONDITIONS = DEBUG;
				SWIFT_OPTIMIZATION_LEVEL = "-Onone";
			};
			name = Debug;
		};
		C02385D42927BB77007F9A79 /* Release */ = {
			isa = XCBuildConfiguration;
			buildSettings = {
				ALWAYS_SEARCH_USER_PATHS = NO;
				CLANG_ANALYZER_NONNULL = YES;
				CLANG_ANALYZER_NUMBER_OBJECT_CONVERSION = YES_AGGRESSIVE;
				CLANG_CXX_LANGUAGE_STANDARD = "gnu++20";
				CLANG_ENABLE_MODULES = YES;
				CLANG_ENABLE_OBJC_ARC = YES;
				CLANG_ENABLE_OBJC_WEAK = YES;
				CLANG_WARN_BLOCK_CAPTURE_AUTORELEASING = YES;
				CLANG_WARN_BOOL_CONVERSION = YES;
				CLANG_WARN_COMMA = YES;
				CLANG_WARN_CONSTANT_CONVERSION = YES;
				CLANG_WARN_DEPRECATED_OBJC_IMPLEMENTATIONS = YES;
				CLANG_WARN_DIRECT_OBJC_ISA_USAGE = YES_ERROR;
				CLANG_WARN_DOCUMENTATION_COMMENTS = YES;
				CLANG_WARN_EMPTY_BODY = YES;
				CLANG_WARN_ENUM_CONVERSION = YES;
				CLANG_WARN_INFINITE_RECURSION = YES;
				CLANG_WARN_INT_CONVERSION = YES;
				CLANG_WARN_NON_LITERAL_NULL_CONVERSION = YES;
				CLANG_WARN_OBJC_IMPLICIT_RETAIN_SELF = YES;
				CLANG_WARN_OBJC_LITERAL_CONVERSION = YES;
				CLANG_WARN_OBJC_ROOT_CLASS = YES_ERROR;
				CLANG_WARN_QUOTED_INCLUDE_IN_FRAMEWORK_HEADER = YES;
				CLANG_WARN_RANGE_LOOP_ANALYSIS = YES;
				CLANG_WARN_STRICT_PROTOTYPES = YES;
				CLANG_WARN_SUSPICIOUS_MOVE = YES;
				CLANG_WARN_UNGUARDED_AVAILABILITY = YES_AGGRESSIVE;
				CLANG_WARN_UNREACHABLE_CODE = YES;
				CLANG_WARN__DUPLICATE_METHOD_MATCH = YES;
				COPY_PHASE_STRIP = NO;
				DEBUG_INFORMATION_FORMAT = "dwarf-with-dsym";
				ENABLE_NS_ASSERTIONS = NO;
				ENABLE_STRICT_OBJC_MSGSEND = YES;
				GCC_C_LANGUAGE_STANDARD = gnu11;
				GCC_NO_COMMON_BLOCKS = YES;
				GCC_WARN_64_TO_32_BIT_CONVERSION = YES;
				GCC_WARN_ABOUT_RETURN_TYPE = YES_ERROR;
				GCC_WARN_UNDECLARED_SELECTOR = YES;
				GCC_WARN_UNINITIALIZED_AUTOS = YES_AGGRESSIVE;
				GCC_WARN_UNUSED_FUNCTION = YES;
				GCC_WARN_UNUSED_VARIABLE = YES;
				IPHONEOS_DEPLOYMENT_TARGET = 16.1;
				MTL_ENABLE_DEBUG_INFO = NO;
				MTL_FAST_MATH = YES;
				SDKROOT = iphoneos;
				SWIFT_COMPILATION_MODE = wholemodule;
				SWIFT_OPTIMIZATION_LEVEL = "-O";
				VALIDATE_PRODUCT = YES;
			};
			name = Release;
		};
		C02385D62927BB77007F9A79 /* Debug */ = {
			isa = XCBuildConfiguration;
			buildSettings = {
				ALWAYS_EMBED_SWIFT_STANDARD_LIBRARIES = YES;
				ASSETCATALOG_COMPILER_APPICON_NAME = AppIcon;
				ASSETCATALOG_COMPILER_GLOBAL_ACCENT_COLOR_NAME = AccentColor;
				CODE_SIGN_ENTITLEMENTS = XdrSubscript/XdrSubscript.entitlements;
				CODE_SIGN_STYLE = Automatic;
				CURRENT_PROJECT_VERSION = 1;
				DEVELOPMENT_ASSET_PATHS = "\"XdrSubscript/Preview Content\"";
				DEVELOPMENT_TEAM = NAKVM6YWDQ;
				ENABLE_PREVIEWS = YES;
				GENERATE_INFOPLIST_FILE = YES;
				INFOPLIST_FILE = XdrSubscript/Info.plist;
				INFOPLIST_KEY_UIApplicationSceneManifest_Generation = YES;
				INFOPLIST_KEY_UIApplicationSupportsIndirectInputEvents = YES;
				INFOPLIST_KEY_UILaunchScreen_Generation = YES;
				INFOPLIST_KEY_UISupportedInterfaceOrientations_iPad = "UIInterfaceOrientationPortrait UIInterfaceOrientationPortraitUpsideDown UIInterfaceOrientationLandscapeLeft UIInterfaceOrientationLandscapeRight";
				INFOPLIST_KEY_UISupportedInterfaceOrientations_iPhone = "UIInterfaceOrientationPortrait UIInterfaceOrientationLandscapeLeft UIInterfaceOrientationLandscapeRight";
				LD_RUNPATH_SEARCH_PATHS = (
					"$(inherited)",
					"@executable_path/Frameworks",
				);
				MARKETING_VERSION = 1.0;
				PRODUCT_BUNDLE_IDENTIFIER = xdrdev.XdrSubscript;
				PRODUCT_NAME = "$(TARGET_NAME)";
				SUPPORTED_PLATFORMS = "iphoneos iphonesimulator";
				SUPPORTS_MACCATALYST = NO;
				SUPPORTS_MAC_DESIGNED_FOR_IPHONE_IPAD = NO;
				SWIFT_EMIT_LOC_STRINGS = YES;
				SWIFT_VERSION = 5.0;
				TARGETED_DEVICE_FAMILY = "1,2";
			};
			name = Debug;
		};
		C02385D72927BB77007F9A79 /* Release */ = {
			isa = XCBuildConfiguration;
			buildSettings = {
				ALWAYS_EMBED_SWIFT_STANDARD_LIBRARIES = YES;
				ASSETCATALOG_COMPILER_APPICON_NAME = AppIcon;
				ASSETCATALOG_COMPILER_GLOBAL_ACCENT_COLOR_NAME = AccentColor;
				CODE_SIGN_ENTITLEMENTS = XdrSubscript/XdrSubscript.entitlements;
				CODE_SIGN_STYLE = Automatic;
				CURRENT_PROJECT_VERSION = 1;
				DEVELOPMENT_ASSET_PATHS = "\"XdrSubscript/Preview Content\"";
				DEVELOPMENT_TEAM = NAKVM6YWDQ;
				ENABLE_PREVIEWS = YES;
				GENERATE_INFOPLIST_FILE = YES;
				INFOPLIST_FILE = XdrSubscript/Info.plist;
				INFOPLIST_KEY_UIApplicationSceneManifest_Generation = YES;
				INFOPLIST_KEY_UIApplicationSupportsIndirectInputEvents = YES;
				INFOPLIST_KEY_UILaunchScreen_Generation = YES;
				INFOPLIST_KEY_UISupportedInterfaceOrientations_iPad = "UIInterfaceOrientationPortrait UIInterfaceOrientationPortraitUpsideDown UIInterfaceOrientationLandscapeLeft UIInterfaceOrientationLandscapeRight";
				INFOPLIST_KEY_UISupportedInterfaceOrientations_iPhone = "UIInterfaceOrientationPortrait UIInterfaceOrientationLandscapeLeft UIInterfaceOrientationLandscapeRight";
				LD_RUNPATH_SEARCH_PATHS = (
					"$(inherited)",
					"@executable_path/Frameworks",
				);
				MARKETING_VERSION = 1.0;
				PRODUCT_BUNDLE_IDENTIFIER = xdrdev.XdrSubscript;
				PRODUCT_NAME = "$(TARGET_NAME)";
				SUPPORTED_PLATFORMS = "iphoneos iphonesimulator";
				SUPPORTS_MACCATALYST = NO;
				SUPPORTS_MAC_DESIGNED_FOR_IPHONE_IPAD = NO;
				SWIFT_EMIT_LOC_STRINGS = YES;
				SWIFT_VERSION = 5.0;
				TARGETED_DEVICE_FAMILY = "1,2";
			};
			name = Release;
		};
		C0F5D25F298F02D80053E0AB /* Debug */ = {
			isa = XCBuildConfiguration;
			buildSettings = {
				ASSETCATALOG_COMPILER_GLOBAL_ACCENT_COLOR_NAME = AccentColor;
				ASSETCATALOG_COMPILER_WIDGET_BACKGROUND_COLOR_NAME = WidgetBackground;
				CODE_SIGN_ENTITLEMENTS = XdrSubscriptWidgetExtension.entitlements;
				CODE_SIGN_STYLE = Automatic;
				CURRENT_PROJECT_VERSION = 1;
				DEVELOPMENT_TEAM = NAKVM6YWDQ;
				GENERATE_INFOPLIST_FILE = YES;
				INFOPLIST_FILE = XdrSubscriptWidget/Info.plist;
				INFOPLIST_KEY_CFBundleDisplayName = XdrSubscriptWidget;
				INFOPLIST_KEY_NSHumanReadableCopyright = "";
				IPHONEOS_DEPLOYMENT_TARGET = 16.0;
				LD_RUNPATH_SEARCH_PATHS = (
					"$(inherited)",
					"@executable_path/Frameworks",
					"@executable_path/../../Frameworks",
				);
				MARKETING_VERSION = 1.0;
				PRODUCT_BUNDLE_IDENTIFIER = xdrdev.XdrSubscript.XdrSubscriptWidget;
				PRODUCT_NAME = "$(TARGET_NAME)";
				SKIP_INSTALL = YES;
				SWIFT_EMIT_LOC_STRINGS = YES;
				SWIFT_VERSION = 5.0;
				TARGETED_DEVICE_FAMILY = "1,2";
			};
			name = Debug;
		};
		C0F5D260298F02D80053E0AB /* Release */ = {
			isa = XCBuildConfiguration;
			buildSettings = {
				ASSETCATALOG_COMPILER_GLOBAL_ACCENT_COLOR_NAME = AccentColor;
				ASSETCATALOG_COMPILER_WIDGET_BACKGROUND_COLOR_NAME = WidgetBackground;
				CODE_SIGN_ENTITLEMENTS = XdrSubscriptWidgetExtension.entitlements;
				CODE_SIGN_STYLE = Automatic;
				CURRENT_PROJECT_VERSION = 1;
				DEVELOPMENT_TEAM = NAKVM6YWDQ;
				GENERATE_INFOPLIST_FILE = YES;
				INFOPLIST_FILE = XdrSubscriptWidget/Info.plist;
				INFOPLIST_KEY_CFBundleDisplayName = XdrSubscriptWidget;
				INFOPLIST_KEY_NSHumanReadableCopyright = "";
				IPHONEOS_DEPLOYMENT_TARGET = 16.0;
				LD_RUNPATH_SEARCH_PATHS = (
					"$(inherited)",
					"@executable_path/Frameworks",
					"@executable_path/../../Frameworks",
				);
				MARKETING_VERSION = 1.0;
				PRODUCT_BUNDLE_IDENTIFIER = xdrdev.XdrSubscript.XdrSubscriptWidget;
				PRODUCT_NAME = "$(TARGET_NAME)";
				SKIP_INSTALL = YES;
				SWIFT_EMIT_LOC_STRINGS = YES;
				SWIFT_VERSION = 5.0;
				TARGETED_DEVICE_FAMILY = "1,2";
			};
			name = Release;
		};
/* End XCBuildConfiguration section */

/* Begin XCConfigurationList section */
		C02385C22927BB76007F9A79 /* Build configuration list for PBXProject "XdrSubscript" */ = {
			isa = XCConfigurationList;
			buildConfigurations = (
				C02385D32927BB77007F9A79 /* Debug */,
				C02385D42927BB77007F9A79 /* Release */,
			);
			defaultConfigurationIsVisible = 0;
			defaultConfigurationName = Release;
		};
		C02385D52927BB77007F9A79 /* Build configuration list for PBXNativeTarget "XdrSubscript" */ = {
			isa = XCConfigurationList;
			buildConfigurations = (
				C02385D62927BB77007F9A79 /* Debug */,
				C02385D72927BB77007F9A79 /* Release */,
			);
			defaultConfigurationIsVisible = 0;
			defaultConfigurationName = Release;
		};
		C0F5D25E298F02D80053E0AB /* Build configuration list for PBXNativeTarget "XdrSubscriptWidgetExtension" */ = {
			isa = XCConfigurationList;
			buildConfigurations = (
				C0F5D25F298F02D80053E0AB /* Debug */,
				C0F5D260298F02D80053E0AB /* Release */,
			);
			defaultConfigurationIsVisible = 0;
			defaultConfigurationName = Release;
		};
/* End XCConfigurationList section */

/* Begin XCVersionGroup section */
		C00217A7298035C400ECFBA6 /* SubscriptionXdr.xcdatamodeld */ = {
			isa = XCVersionGroup;
			children = (
				C00217A8298035C400ECFBA6 /* SubscriptionXdr.xcdatamodel */,
			);
			currentVersion = C00217A8298035C400ECFBA6 /* SubscriptionXdr.xcdatamodel */;
			path = SubscriptionXdr.xcdatamodeld;
			sourceTree = "<group>";
			versionGroupType = wrapper.xcdatamodel;
		};
/* End XCVersionGroup section */
	};
	rootObject = C02385BF2927BB76007F9A79 /* Project object */;
}
